
Microsoft Visual Studio Solution File, Format Version 12.00
# Visual Studio Version 17
VisualStudioVersion = 17.10.35122.118
MinimumVisualStudioVersion = 10.0.40219.1
Project("{888888A0-9F3D-457C-B088-3A5042F75D52}") = "Lab3.1", "Lab3.1\Lab3.1.pyproj", "{008CB9E1-E869-4AD4-9D3C-634F4C8BBECF}"
EndProject
Global
	GlobalSection(SolutionConfigurationPlatforms) = preSolution
		Debug|Any CPU = Debug|Any CPU
		Release|Any CPU = Release|Any CPU
	EndGlobalSection
	GlobalSection(ProjectConfigurationPlatforms) = postSolution
		{008CB9E1-E869-4AD4-9D3C-634F4C8BBECF}.Debug|Any CPU.ActiveCfg = Debug|Any CPU
		{008CB9E1-E869-4AD4-9D3C-634F4C8BBECF}.Release|Any CPU.ActiveCfg = Release|Any CPU
	EndGlobalSection
	GlobalSection(SolutionProperties) = preSolution
		HideSolutionNode = FALSE
	EndGlobalSection
	GlobalSection(ExtensibilityGlobals) = postSolution
		SolutionGuid = {595D958D-DF42-4DE0-B7B2-A97BF1F8E0E3}
	EndGlobalSection
EndGlobal
